lockfileVersion: '9.0'

settings:
  autoInstallPeers: true
  excludeLinksFromLockfile: false

importers:

  .:
    devDependencies:
      '@async/api-contract':
        specifier: 0.1.0
        version: 0.1.0
      '@async/hygiene':
        specifier: link:../hygiene
        version: link:../hygiene
      '@async/pipeline':
        specifier: workspace:*
        version: link:packages/pipeline
      '@types/node':
        specifier: 24.12.4
        version: 24.12.4
      typescript:
        specifier: 6.0.3
        version: 6.0.3

  examples/agent-claims-repair:
    devDependencies:
      '@async/pipeline':
        specifier: workspace:*
        version: link:../../packages/pipeline

  examples/basic-node-package:
    devDependencies:
      '@async/pipeline':
        specifier: workspace:*
        version: link:../../packages/pipeline
      typescript:
        specifier: 6.0.3
        version: 6.0.3

  examples/custom-cache-registry:
    devDependencies:
      '@async/pipeline':
        specifier: workspace:*
        version: link:../../packages/pipeline

  examples/deno-worker:
    devDependencies:
      '@async/pipeline':
        specifier: workspace:*
        version: link:../../packages/pipeline

  examples/generated-package-previews:
    devDependencies:
      '@async/pipeline':
        specifier: workspace:*
        version: link:../../packages/pipeline

  examples/github-native-npm-preview-package:
    devDependencies:
      '@async/pipeline':
        specifier: workspace:*
        version: link:../../packages/pipeline

  examples/many-repo-impact-run:
    devDependencies:
      '@async/pipeline':
        specifier: workspace:*
        version: link:../../packages/pipeline

  examples/monorepo-package-selection:
    devDependencies:
      '@async/pipeline':
        specifier: workspace:*
        version: link:../../packages/pipeline

  examples/runtime-middleware-stack:
    devDependencies:
      '@async/pipeline':
        specifier: workspace:*
        version: link:../../packages/pipeline

  packages/pipeline: {}

  packages/pipeline-adapter-lima:
    dependencies:
      '@async/pipeline-node':
        specifier: workspace:*
        version: link:../pipeline-node

  packages/pipeline-core: {}

  packages/pipeline-node:
    dependencies:
      '@async/pipeline-core':
        specifier: workspace:*
        version: link:../pipeline-core

packages:

  '@async/api-contract@0.1.0':
    resolution: {integrity: sha512-kyeqE/Smmwwadwh7Zvs0LZoXuIh7k+6G5rqdyWIjY6vHLZQ1emp9EpL/20m6DtmjauTJxMNn/R7FQACUwfBeUw==}
    engines: {node: '>=24'}
    hasBin: true

  '@types/node@24.12.4':
    resolution: {integrity: sha512-GUUEShf+PBCGW2KaXwcIt3Yk+e3pkKwWKb9GSyM9WQVE+ep2jzmHdGsHzu4wgcZy5fN9FBdVzjpBQsYlpfpgLA==}

  typescript@6.0.3:
    resolution: {integrity: sha512-y2TvuxSZPDyQakkFRPZHKFm+KKVqIisdg9/CZwm9ftvKXLP8NRWj38/ODjNbr43SsoXqNuAisEf1GdCxqWcdBw==}
    engines: {node: '>=14.17'}
    hasBin: true

  undici-types@7.16.0:
    resolution: {integrity: sha512-Zz+aZWSj8LE6zoxD+xrjh4VfkIG8Ya6LvYkZqtUQGJPZjYl53ypCaUwWqo7eI0x66KBGeRo+mlBEkMSeSZ38Nw==}

snapshots:

  '@async/api-contract@0.1.0': {}

  '@types/node@24.12.4':
    dependencies:
      undici-types: 7.16.0

  typescript@6.0.3: {}

  undici-types@7.16.0: {}
